
Microsoft Visual Studio Solution File, Format Version 12.00
# Visual Studio Version 17
VisualStudioVersion = 17.11.35303.130
MinimumVisualStudioVersion = 10.0.40219.1
Project("{FAE04EC0-301F-11D3-BF4B-00C04F79EFBC}") = "Recursion", "Recursion.csproj", "{73500A7F-E5E4-4EF2-87FB-5899B8B8BBB3}"
EndProject
Global
	GlobalSection(SolutionConfigurationPlatforms) = preSolution
		Debug|Any CPU = Debug|Any CPU
		Release|Any CPU = Release|Any CPU
	EndGlobalSection
	GlobalSection(ProjectConfigurationPlatforms) = postSolution
		{73500A7F-E5E4-4EF2-87FB-5899B8B8BBB3}.Debug|Any CPU.ActiveCfg = Debug|Any CPU
		{73500A7F-E5E4-4EF2-87FB-5899B8B8BBB3}.Debug|Any CPU.Build.0 = Debug|Any CPU
		{73500A7F-E5E4-4EF2-87FB-5899B8B8BBB3}.Release|Any CPU.ActiveCfg = Release|Any CPU
		{73500A7F-E5E4-4EF2-87FB-5899B8B8BBB3}.Release|Any CPU.Build.0 = Release|Any CPU
	EndGlobalSection
	GlobalSection(SolutionProperties) = preSolution
		HideSolutionNode = FALSE
	EndGlobalSection
	GlobalSection(ExtensibilityGlobals) = postSolution
		SolutionGuid = {3E60A6FE-7230-47EB-BD92-D544E5068F5A}
	EndGlobalSection
EndGlobal
